
Microsoft Visual Studio Solution File, Format Version 12.00
# Visual Studio 15
VisualStudioVersion = 15.0.28307.572
MinimumVisualStudioVersion = 10.0.40219.1
Project("{FAE04EC0-301F-11D3-BF4B-00C04F79EFBC}") = "Asynchronous Client", "Network Client\Asynchronous Client.csproj", "{E7910F1E-E7F6-4741-BADF-AC4389913F84}"
EndProject
Global
	GlobalSection(SolutionConfigurationPlatforms) = preSolution
		Debug|Any CPU = Debug|Any CPU
		Release|Any CPU = Release|Any CPU
	EndGlobalSection
	GlobalSection(ProjectConfigurationPlatforms) = postSolution
		{E7910F1E-E7F6-4741-BADF-AC4389913F84}.Debug|Any CPU.ActiveCfg = Debug|Any CPU
		{E7910F1E-E7F6-4741-BADF-AC4389913F84}.Debug|Any CPU.Build.0 = Debug|Any CPU
		{E7910F1E-E7F6-4741-BADF-AC4389913F84}.Release|Any CPU.ActiveCfg = Release|Any CPU
		{E7910F1E-E7F6-4741-BADF-AC4389913F84}.Release|Any CPU.Build.0 = Release|Any CPU
	EndGlobalSection
	GlobalSection(SolutionProperties) = preSolution
		HideSolutionNode = FALSE
	EndGlobalSection
	GlobalSection(ExtensibilityGlobals) = postSolution
		SolutionGuid = {60101E1F-799A-4125-9F85-01D7F87D7A0A}
	EndGlobalSection
EndGlobal
